
Microsoft Visual Studio Solution File, Format Version 12.00
# Visual Studio Version 16
VisualStudioVersion = 16.0.31702.278
MinimumVisualStudioVersion = 10.0.40219.1
Project("{FAE04EC0-301F-11D3-BF4B-00C04F79EFBC}") = "picture", "picture\picture.csproj", "{0B92B4F1-5D76-48BE-A26D-4C4119A17FCB}"
EndProject
Global
	GlobalSection(SolutionConfigurationPlatforms) = preSolution
		Debug|Any CPU = Debug|Any CPU
		Release|Any CPU = Release|Any CPU
	EndGlobalSection
	GlobalSection(ProjectConfigurationPlatforms) = postSolution
		{0B92B4F1-5D76-48BE-A26D-4C4119A17FCB}.Debug|Any CPU.ActiveCfg = Debug|Any CPU
		{0B92B4F1-5D76-48BE-A26D-4C4119A17FCB}.Debug|Any CPU.Build.0 = Debug|Any CPU
		{0B92B4F1-5D76-48BE-A26D-4C4119A17FCB}.Release|Any CPU.ActiveCfg = Release|Any CPU
		{0B92B4F1-5D76-48BE-A26D-4C4119A17FCB}.Release|Any CPU.Build.0 = Release|Any CPU
	EndGlobalSection
	GlobalSection(SolutionProperties) = preSolution
		HideSolutionNode = FALSE
	EndGlobalSection
	GlobalSection(ExtensibilityGlobals) = postSolution
		SolutionGuid = {EE4FB69E-59BC-47EA-829A-7A9A28F9B022}
	EndGlobalSection
EndGlobal
